// !$*UTF8*$!
{
	archiveVersion = 1;
	classes = {
	};
	objectVersion = 55;
	objects = {

/* Begin PBXBuildFile section */
		6F364BA6285DAFEF000D2CA4 /* MyActionClassifier 1.mlmodel in Sources */ = {isa = PBXBuildFile; fileRef = 6F364BA5285DAFDA000D2CA4 /* MyActionClassifier 1.mlmodel */; };
		D981C621285C84F100A34263 /* RunActionClassify.swift in Sources */ = {isa = PBXBuildFile; fileRef = D981C620285C84F100A34263 /* RunActionClassify.swift */; };
		D981C623285C86C700A34263 /* VideoCapture.swift in Sources */ = {isa = PBXBuildFile; fileRef = D981C622285C86C700A34263 /* VideoCapture.swift */; };
		D981C627285CBCD100A34263 /* RunPredictor.swift in Sources */ = {isa = PBXBuildFile; fileRef = D981C626285CBCD100A34263 /* RunPredictor.swift */; };
		D981C629285CC5BB00A34263 /* runClassifier_2.mlmodel in Sources */ = {isa = PBXBuildFile; fileRef = D981C628285CC5BB00A34263 /* runClassifier_2.mlmodel */; };
		D981C63D2862103400A34263 /* FirebaseAnalytics in Frameworks */ = {isa = PBXBuildFile; productRef = D981C63C2862103400A34263 /* FirebaseAnalytics */; };
		D981C63F2862103400A34263 /* FirebaseAnalyticsSwift in Frameworks */ = {isa = PBXBuildFile; productRef = D981C63E2862103400A34263 /* FirebaseAnalyticsSwift */; };
		D981C6412862103400A34263 /* FirebaseAuth in Frameworks */ = {isa = PBXBuildFile; productRef = D981C6402862103400A34263 /* FirebaseAuth */; };
		D981C6432862103400A34263 /* FirebaseAuthCombine-Community in Frameworks */ = {isa = PBXBuildFile; productRef = D981C6422862103400A34263 /* FirebaseAuthCombine-Community */; };
		D981C6452862103400A34263 /* FirebaseDatabase in Frameworks */ = {isa = PBXBuildFile; productRef = D981C6442862103400A34263 /* FirebaseDatabase */; };
		D981C6472862103400A34263 /* FirebaseDatabaseSwift in Frameworks */ = {isa = PBXBuildFile; productRef = D981C6462862103400A34263 /* FirebaseDatabaseSwift */; };
		D981C6492862103400A34263 /* FirebaseFirestore in Frameworks */ = {isa = PBXBuildFile; productRef = D981C6482862103400A34263 /* FirebaseFirestore */; };
		D981C64B2862103400A34263 /* FirebaseFirestoreSwift in Frameworks */ = {isa = PBXBuildFile; productRef = D981C64A2862103400A34263 /* FirebaseFirestoreSwift */; };
		D981C64D2862103400A34263 /* FirebaseStorage in Frameworks */ = {isa = PBXBuildFile; productRef = D981C64C2862103400A34263 /* FirebaseStorage */; };
		D981C64F2862103400A34263 /* FirebaseStorageCombine-Community in Frameworks */ = {isa = PBXBuildFile; productRef = D981C64E2862103400A34263 /* FirebaseStorageCombine-Community */; };
		D981C67028621AF400A34263 /* SignInView.swift in Sources */ = {isa = PBXBuildFile; fileRef = D981C66C28621AF400A34263 /* SignInView.swift */; };
		D981C67128621AF400A34263 /* GoogleService-Info.plist in Resources */ = {isa = PBXBuildFile; fileRef = D981C66D28621AF400A34263 /* GoogleService-Info.plist */; };
		D981C67228621AF400A34263 /* model.swift in Sources */ = {isa = PBXBuildFile; fileRef = D981C66E28621AF400A34263 /* model.swift */; };
		D981C67328621AF400A34263 /* TextIndexView.swift in Sources */ = {isa = PBXBuildFile; fileRef = D981C66F28621AF400A34263 /* TextIndexView.swift */; };
		D981C67528621B4A00A34263 /* firebase in Resources */ = {isa = PBXBuildFile; fileRef = D981C67428621B4A00A34263 /* firebase */; };
		D993722F2852E7E7000D2397 /* potatosportApp.swift in Sources */ = {isa = PBXBuildFile; fileRef = D993722E2852E7E7000D2397 /* potatosportApp.swift */; };
		D99372312852E7E7000D2397 /* ContentView.swift in Sources */ = {isa = PBXBuildFile; fileRef = D99372302852E7E7000D2397 /* ContentView.swift */; };
		D99372332852E7EB000D2397 /* Assets.xcassets in Resources */ = {isa = PBXBuildFile; fileRef = D99372322852E7EB000D2397 /* Assets.xcassets */; };
		D99372362852E7EB000D2397 /* Preview Assets.xcassets in Resources */ = {isa = PBXBuildFile; fileRef = D99372352852E7EB000D2397 /* Preview Assets.xcassets */; };
/* End PBXBuildFile section */

/* Begin PBXFileReference section */
		6F364BA5285DAFDA000D2CA4 /* MyActionClassifier 1.mlmodel */ = {isa = PBXFileReference; lastKnownFileType = file.mlmodel; name = "MyActionClassifier 1.mlmodel"; path = "../../../../../var/folders/tq/f1m49vrn27j1dwh72gj66_th0000gn/T/com.apple.dt.CreateML.app/sharing/drag/5265E06E-6325-4401-9ECA-8A99D3059433/MyActionClassifier 1.mlmodel"; sourceTree = "<group>"; };
		D981C620285C84F100A34263 /* RunActionClassify.swift */ = {isa = PBXFileReference; lastKnownFileType = sourcecode.swift; path = RunActionClassify.swift; sourceTree = "<group>"; };
		D981C622285C86C700A34263 /* VideoCapture.swift */ = {isa = PBXFileReference; lastKnownFileType = sourcecode.swift; path = VideoCapture.swift; sourceTree = "<group>"; };
		D981C626285CBCD100A34263 /* RunPredictor.swift */ = {isa = PBXFileReference; lastKnownFileType = sourcecode.swift; path = RunPredictor.swift; sourceTree = "<group>"; };
		D981C628285CC5BB00A34263 /* runClassifier_2.mlmodel */ = {isa = PBXFileReference; lastKnownFileType = file.mlmodel; path = runClassifier_2.mlmodel; sourceTree = "<group>"; };
		D981C66C28621AF400A34263 /* SignInView.swift */ = {isa = PBXFileReference; fileEncoding = 4; lastKnownFileType = sourcecode.swift; name = SignInView.swift; path = ../../potato/SignInView.swift; sourceTree = "<group>"; };
		D981C66D28621AF400A34263 /* GoogleService-Info.plist */ = {isa = PBXFileReference; fileEncoding = 4; lastKnownFileType = text.plist.xml; name = "GoogleService-Info.plist"; path = "../../potato/GoogleService-Info.plist"; sourceTree = "<group>"; };
		D981C66E28621AF400A34263 /* model.swift */ = {isa = PBXFileReference; fileEncoding = 4; lastKnownFileType = sourcecode.swift; name = model.swift; path = ../../potato/model.swift; sourceTree = "<group>"; };
		D981C66F28621AF400A34263 /* TextIndexView.swift */ = {isa = PBXFileReference; fileEncoding = 4; lastKnownFileType = sourcecode.swift; name = TextIndexView.swift; path = ../../potato/TextIndexView.swift; sourceTree = "<group>"; };
		D981C67428621B4A00A34263 /* firebase */ = {isa = PBXFileReference; lastKnownFileType = folder; name = firebase; path = ../../potato/firebase; sourceTree = "<group>"; };
		D993722B2852E7E7000D2397 /* potatosport.app */ = {isa = PBXFileReference; explicitFileType = wrapper.application; includeInIndex = 0; path = potatosport.app; sourceTree = BUILT_PRODUCTS_DIR; };
		D993722E2852E7E7000D2397 /* potatosportApp.swift */ = {isa = PBXFileReference; lastKnownFileType = sourcecode.swift; path = potatosportApp.swift; sourceTree = "<group>"; };
		D99372302852E7E7000D2397 /* ContentView.swift */ = {isa = PBXFileReference; lastKnownFileType = sourcecode.swift; path = ContentView.swift; sourceTree = "<group>"; };
		D99372322852E7EB000D2397 /* Assets.xcassets */ = {isa = PBXFileReference; lastKnownFileType = folder.assetcatalog; path = Assets.xcassets; sourceTree = "<group>"; };
		D99372352852E7EB000D2397 /* Preview Assets.xcassets */ = {isa = PBXFileReference; lastKnownFileType = folder.assetcatalog; path = "Preview Assets.xcassets"; sourceTree = "<group>"; };
/* End PBXFileReference section */

/* Begin PBXFrameworksBuildPhase section */
		D99372282852E7E7000D2397 /* Frameworks */ = {
			isa = PBXFrameworksBuildPhase;
			buildActionMask = 2147483647;
			files = (
				D981C6472862103400A34263 /* FirebaseDatabaseSwift in Frameworks */,
				D981C6452862103400A34263 /* FirebaseDatabase in Frameworks */,
				D981C64F2862103400A34263 /* FirebaseStorageCombine-Community in Frameworks */,
				D981C64D2862103400A34263 /* FirebaseStorage in Frameworks */,
				D981C63F2862103400A34263 /* FirebaseAnalyticsSwift in Frameworks */,
				D981C6412862103400A34263 /* FirebaseAuth in Frameworks */,
				D981C63D2862103400A34263 /* FirebaseAnalytics in Frameworks */,
				D981C6432862103400A34263 /* FirebaseAuthCombine-Community in Frameworks */,
				D981C6492862103400A34263 /* FirebaseFirestore in Frameworks */,
				D981C64B2862103400A34263 /* FirebaseFirestoreSwift in Frameworks */,
			);
			runOnlyForDeploymentPostprocessing = 0;
		};
/* End PBXFrameworksBuildPhase section */

/* Begin PBXGroup section */
		D99372222852E7E7000D2397 = {
			isa = PBXGroup;
			children = (
				D993722D2852E7E7000D2397 /* potatosport */,
				D993722C2852E7E7000D2397 /* Products */,
			);
			sourceTree = "<group>";
		};
		D993722C2852E7E7000D2397 /* Products */ = {
			isa = PBXGroup;
			children = (
				D993722B2852E7E7000D2397 /* potatosport.app */,
			);
			name = Products;
			sourceTree = "<group>";
		};
		D993722D2852E7E7000D2397 /* potatosport */ = {
			isa = PBXGroup;
			children = (
				D981C67428621B4A00A34263 /* firebase */,
				6F364BA5285DAFDA000D2CA4 /* MyActionClassifier 1.mlmodel */,
				D981C66D28621AF400A34263 /* GoogleService-Info.plist */,
				D981C66E28621AF400A34263 /* model.swift */,
				D981C66C28621AF400A34263 /* SignInView.swift */,
				D981C66F28621AF400A34263 /* TextIndexView.swift */,
				D981C628285CC5BB00A34263 /* runClassifier_2.mlmodel */,
				D993722E2852E7E7000D2397 /* potatosportApp.swift */,
				D99372302852E7E7000D2397 /* ContentView.swift */,
				D981C620285C84F100A34263 /* RunActionClassify.swift */,
				D981C622285C86C700A34263 /* VideoCapture.swift */,
				D981C626285CBCD100A34263 /* RunPredictor.swift */,
				D99372322852E7EB000D2397 /* Assets.xcassets */,
				D99372342852E7EB000D2397 /* Preview Content */,
			);
			path = potatosport;
			sourceTree = "<group>";
		};
		D99372342852E7EB000D2397 /* Preview Content */ = {
			isa = PBXGroup;
			children = (
				D99372352852E7EB000D2397 /* Preview Assets.xcassets */,
			);
			path = "Preview Content";
			sourceTree = "<group>";
		};
/* End PBXGroup section */

/* Begin PBXNativeTarget section */
		D993722A2852E7E7000D2397 /* potatosport */ = {
			isa = PBXNativeTarget;
			buildConfigurationList = D99372392852E7EB000D2397 /* Build configuration list for PBXNativeTarget "potatosport" */;
			buildPhases = (
				D99372272852E7E7000D2397 /* Sources */,
				D99372282852E7E7000D2397 /* Frameworks */,
				D99372292852E7E7000D2397 /* Resources */,
			);
			buildRules = (
			);
			dependencies = (
			);
			name = potatosport;
			packageProductDependencies = (
				D981C63C2862103400A34263 /* FirebaseAnalytics */,
				D981C63E2862103400A34263 /* FirebaseAnalyticsSwift */,
				D981C6402862103400A34263 /* FirebaseAuth */,
				D981C6422862103400A34263 /* FirebaseAuthCombine-Community */,
				D981C6442862103400A34263 /* FirebaseDatabase */,
				D981C6462862103400A34263 /* FirebaseDatabaseSwift */,
				D981C6482862103400A34263 /* FirebaseFirestore */,
				D981C64A2862103400A34263 /* FirebaseFirestoreSwift */,
				D981C64C2862103400A34263 /* FirebaseStorage */,
				D981C64E2862103400A34263 /* FirebaseStorageCombine-Community */,
			);
			productName = potatosport;
			productReference = D993722B2852E7E7000D2397 /* potatosport.app */;
			productType = "com.apple.product-type.application";
		};
/* End PBXNativeTarget section */

/* Begin PBXProject section */
		D99372232852E7E7000D2397 /* Project object */ = {
			isa = PBXProject;
			attributes = {
				BuildIndependentTargetsInParallel = 1;
				LastSwiftUpdateCheck = 1340;
				LastUpgradeCheck = 1340;
				TargetAttributes = {
					D993722A2852E7E7000D2397 = {
						CreatedOnToolsVersion = 13.4.1;
					};
				};
			};
			buildConfigurationList = D99372262852E7E7000D2397 /* Build configuration list for PBXProject "potatosport" */;
			compatibilityVersion = "Xcode 13.0";
			developmentRegion = en;
			hasScannedForEncodings = 0;
			knownRegions = (
				en,
				Base,
			);
			mainGroup = D99372222852E7E7000D2397;
			packageReferences = (
				D981C63B2862103400A34263 /* XCRemoteSwiftPackageReference "firebase-ios-sdk" */,
			);
			productRefGroup = D993722C2852E7E7000D2397 /* Products */;
			projectDirPath = "";
			projectRoot = "";
			targets = (
				D993722A2852E7E7000D2397 /* potatosport */,
			);
		};
/* End PBXProject section */

/* Begin PBXResourcesBuildPhase section */
		D99372292852E7E7000D2397 /* Resources */ = {
			isa = PBXResourcesBuildPhase;
			buildActionMask = 2147483647;
			files = (
				D99372362852E7EB000D2397 /* Preview Assets.xcassets in Resources */,
				D981C67528621B4A00A34263 /* firebase in Resources */,
				D99372332852E7EB000D2397 /* Assets.xcassets in Resources */,
				D981C67128621AF400A34263 /* GoogleService-Info.plist in Resources */,
			);
			runOnlyForDeploymentPostprocessing = 0;
		};
/* End PBXResourcesBuildPhase section */

/* Begin PBXSourcesBuildPhase section */
		D99372272852E7E7000D2397 /* Sources */ = {
			isa = PBXSourcesBuildPhase;
			buildActionMask = 2147483647;
			files = (
				D981C627285CBCD100A34263 /* RunPredictor.swift in Sources */,
				D981C623285C86C700A34263 /* VideoCapture.swift in Sources */,
				D981C67328621AF400A34263 /* TextIndexView.swift in Sources */,
				D981C629285CC5BB00A34263 /* runClassifier_2.mlmodel in Sources */,
				D99372312852E7E7000D2397 /* ContentView.swift in Sources */,
				D981C621285C84F100A34263 /* RunActionClassify.swift in Sources */,
				6F364BA6285DAFEF000D2CA4 /* MyActionClassifier 1.mlmodel in Sources */,
				D981C67028621AF400A34263 /* SignInView.swift in Sources */,
				D981C67228621AF400A34263 /* model.swift in Sources */,
				D993722F2852E7E7000D2397 /* potatosportApp.swift in Sources */,
			);
			runOnlyForDeploymentPostprocessing = 0;
		};
/* End PBXSourcesBuildPhase section */

/* Begin XCBuildConfiguration section */
		D99372372852E7EB000D2397 /* Debug */ = {
			isa = XCBuildConfiguration;
			buildSettings = {
				ALWAYS_SEARCH_USER_PATHS = NO;
				CLANG_ANALYZER_NONNULL = YES;
				CLANG_ANALYZER_NUMBER_OBJECT_CONVERSION = YES_AGGRESSIVE;
				CLANG_CXX_LANGUAGE_STANDARD = "gnu++17";
				CLANG_ENABLE_MODULES = YES;
				CLANG_ENABLE_OBJC_ARC = YES;
				CLANG_ENABLE_OBJC_WEAK = YES;
				CLANG_WARN_BLOCK_CAPTURE_AUTORELEASING = YES;
				CLANG_WARN_BOOL_CONVERSION = YES;
				CLANG_WARN_COMMA = YES;
				CLANG_WARN_CONSTANT_CONVERSION = YES;
				CLANG_WARN_DEPRECATED_OBJC_IMPLEMENTATIONS = YES;
				CLANG_WARN_DIRECT_OBJC_ISA_USAGE = YES_ERROR;
				CLANG_WARN_DOCUMENTATION_COMMENTS = YES;
				CLANG_WARN_EMPTY_BODY = YES;
				CLANG_WARN_ENUM_CONVERSION = YES;
				CLANG_WARN_INFINITE_RECURSION = YES;
				CLANG_WARN_INT_CONVERSION = YES;
				CLANG_WARN_NON_LITERAL_NULL_CONVERSION = YES;
				CLANG_WARN_OBJC_IMPLICIT_RETAIN_SELF = YES;
				CLANG_WARN_OBJC_LITERAL_CONVERSION = YES;
				CLANG_WARN_OBJC_ROOT_CLASS = YES_ERROR;
				CLANG_WARN_QUOTED_INCLUDE_IN_FRAMEWORK_HEADER = YES;
				CLANG_WARN_RANGE_LOOP_ANALYSIS = YES;
				CLANG_WARN_STRICT_PROTOTYPES = YES;
				CLANG_WARN_SUSPICIOUS_MOVE = YES;
				CLANG_WARN_UNGUARDED_AVAILABILITY = YES_AGGRESSIVE;
				CLANG_WARN_UNREACHABLE_CODE = YES;
				CLANG_WARN__DUPLICATE_METHOD_MATCH = YES;
				COPY_PHASE_STRIP = NO;
				DEBUG_INFORMATION_FORMAT = dwarf;
				ENABLE_STRICT_OBJC_MSGSEND = YES;
				ENABLE_TESTABILITY = YES;
				GCC_C_LANGUAGE_STANDARD = gnu11;
				GCC_DYNAMIC_NO_PIC = NO;
				GCC_NO_COMMON_BLOCKS = YES;
				GCC_OPTIMIZATION_LEVEL = 0;
				GCC_PREPROCESSOR_DEFINITIONS = (
					"DEBUG=1",
					"$(inherited)",
				);
				GCC_WARN_64_TO_32_BIT_CONVERSION = YES;
				GCC_WARN_ABOUT_RETURN_TYPE = YES_ERROR;
				GCC_WARN_UNDECLARED_SELECTOR = YES;
				GCC_WARN_UNINITIALIZED_AUTOS = YES_AGGRESSIVE;
				GCC_WARN_UNUSED_FUNCTION = YES;
				GCC_WARN_UNUSED_VARIABLE = YES;
				IPHONEOS_DEPLOYMENT_TARGET = 15.5;
				MTL_ENABLE_DEBUG_INFO = INCLUDE_SOURCE;
				MTL_FAST_MATH = YES;
				ONLY_ACTIVE_ARCH = YES;
				SDKROOT = iphoneos;
				SWIFT_ACTIVE_COMPILATION_CONDITIONS = DEBUG;
				SWIFT_OPTIMIZATION_LEVEL = "-Onone";
			};
			name = Debug;
		};
		D99372382852E7EB000D2397 /* Release */ = {
			isa = XCBuildConfiguration;
			buildSettings = {
				ALWAYS_SEARCH_USER_PATHS = NO;
				CLANG_ANALYZER_NONNULL = YES;
				CLANG_ANALYZER_NUMBER_OBJECT_CONVERSION = YES_AGGRESSIVE;
				CLANG_CXX_LANGUAGE_STANDARD = "gnu++17";
				CLANG_ENABLE_MODULES = YES;
				CLANG_ENABLE_OBJC_ARC = YES;
				CLANG_ENABLE_OBJC_WEAK = YES;
				CLANG_WARN_BLOCK_CAPTURE_AUTORELEASING = YES;
				CLANG_WARN_BOOL_CONVERSION = YES;
				CLANG_WARN_COMMA = YES;
				CLANG_WARN_CONSTANT_CONVERSION = YES;
				CLANG_WARN_DEPRECATED_OBJC_IMPLEMENTATIONS = YES;
				CLANG_WARN_DIRECT_OBJC_ISA_USAGE = YES_ERROR;
				CLANG_WARN_DOCUMENTATION_COMMENTS = YES;
				CLANG_WARN_EMPTY_BODY = YES;
				CLANG_WARN_ENUM_CONVERSION = YES;
				CLANG_WARN_INFINITE_RECURSION = YES;
				CLANG_WARN_INT_CONVERSION = YES;
				CLANG_WARN_NON_LITERAL_NULL_CONVERSION = YES;
				CLANG_WARN_OBJC_IMPLICIT_RETAIN_SELF = YES;
				CLANG_WARN_OBJC_LITERAL_CONVERSION = YES;
				CLANG_WARN_OBJC_ROOT_CLASS = YES_ERROR;
				CLANG_WARN_QUOTED_INCLUDE_IN_FRAMEWORK_HEADER = YES;
				CLANG_WARN_RANGE_LOOP_ANALYSIS = YES;
				CLANG_WARN_STRICT_PROTOTYPES = YES;
				CLANG_WARN_SUSPICIOUS_MOVE = YES;
				CLANG_WARN_UNGUARDED_AVAILABILITY = YES_AGGRESSIVE;
				CLANG_WARN_UNREACHABLE_CODE = YES;
				CLANG_WARN__DUPLICATE_METHOD_MATCH = YES;
				COPY_PHASE_STRIP = NO;
				DEBUG_INFORMATION_FORMAT = "dwarf-with-dsym";
				ENABLE_NS_ASSERTIONS = NO;
				ENABLE_STRICT_OBJC_MSGSEND = YES;
				GCC_C_LANGUAGE_STANDARD = gnu11;
				GCC_NO_COMMON_BLOCKS = YES;
				GCC_WARN_64_TO_32_BIT_CONVERSION = YES;
				GCC_WARN_ABOUT_RETURN_TYPE = YES_ERROR;
				GCC_WARN_UNDECLARED_SELECTOR = YES;
				GCC_WARN_UNINITIALIZED_AUTOS = YES_AGGRESSIVE;
				GCC_WARN_UNUSED_FUNCTION = YES;
				GCC_WARN_UNUSED_VARIABLE = YES;
				IPHONEOS_DEPLOYMENT_TARGET = 15.5;
				MTL_ENABLE_DEBUG_INFO = NO;
				MTL_FAST_MATH = YES;
				SDKROOT = iphoneos;
				SWIFT_COMPILATION_MODE = wholemodule;
				SWIFT_OPTIMIZATION_LEVEL = "-O";
				VALIDATE_PRODUCT = YES;
			};
			name = Release;
		};
		D993723A2852E7EB000D2397 /* Debug */ = {
			isa = XCBuildConfiguration;
			buildSettings = {
				ASSETCATALOG_COMPILER_APPICON_NAME = AppIcon;
				ASSETCATALOG_COMPILER_GLOBAL_ACCENT_COLOR_NAME = AccentColor;
				CODE_SIGN_STYLE = Automatic;
				CURRENT_PROJECT_VERSION = 1;
				DEVELOPMENT_ASSET_PATHS = "\"potatosport/Preview Content\"";
				DEVELOPMENT_TEAM = 434J59NFBU;
				ENABLE_PREVIEWS = YES;
				GENERATE_INFOPLIST_FILE = YES;
				INFOPLIST_KEY_NSCameraUsageDescription = "This app would like to access your camera to analyze It's game recognition";
				INFOPLIST_KEY_UIApplicationSceneManifest_Generation = YES;
				INFOPLIST_KEY_UIApplicationSupportsIndirectInputEvents = YES;
				INFOPLIST_KEY_UILaunchScreen_Generation = YES;
				INFOPLIST_KEY_UISupportedInterfaceOrientations_iPad = "UIInterfaceOrientationPortrait UIInterfaceOrientationPortraitUpsideDown UIInterfaceOrientationLandscapeLeft UIInterfaceOrientationLandscapeRight";
				INFOPLIST_KEY_UISupportedInterfaceOrientations_iPhone = "UIInterfaceOrientationPortrait UIInterfaceOrientationLandscapeLeft UIInterfaceOrientationLandscapeRight";
				IPHONEOS_DEPLOYMENT_TARGET = 15.4;
				LD_RUNPATH_SEARCH_PATHS = (
					"$(inherited)",
					"@executable_path/Frameworks",
				);
				MARKETING_VERSION = 1.0;
				PRODUCT_BUNDLE_IDENTIFIER = com.inowshoujo.potatosport;
				PRODUCT_NAME = "$(TARGET_NAME)";
				SWIFT_EMIT_LOC_STRINGS = YES;
				SWIFT_VERSION = 5.0;
				TARGETED_DEVICE_FAMILY = "1,2";
			};
			name = Debug;
		};
		D993723B2852E7EB000D2397 /* Release */ = {
			isa = XCBuildConfiguration;
			buildSettings = {
				ASSETCATALOG_COMPILER_APPICON_NAME = AppIcon;
				ASSETCATALOG_COMPILER_GLOBAL_ACCENT_COLOR_NAME = AccentColor;
				CODE_SIGN_STYLE = Automatic;
				CURRENT_PROJECT_VERSION = 1;
				DEVELOPMENT_ASSET_PATHS = "\"potatosport/Preview Content\"";
				DEVELOPMENT_TEAM = 434J59NFBU;
				ENABLE_PREVIEWS = YES;
				GENERATE_INFOPLIST_FILE = YES;
				INFOPLIST_KEY_NSCameraUsageDescription = "This app would like to access your camera to analyze It's game recognition";
				INFOPLIST_KEY_UIApplicationSceneManifest_Generation = YES;
				INFOPLIST_KEY_UIApplicationSupportsIndirectInputEvents = YES;
				INFOPLIST_KEY_UILaunchScreen_Generation = YES;
				INFOPLIST_KEY_UISupportedInterfaceOrientations_iPad = "UIInterfaceOrientationPortrait UIInterfaceOrientationPortraitUpsideDown UIInterfaceOrientationLandscapeLeft UIInterfaceOrientationLandscapeRight";
				INFOPLIST_KEY_UISupportedInterfaceOrientations_iPhone = "UIInterfaceOrientationPortrait UIInterfaceOrientationLandscapeLeft UIInterfaceOrientationLandscapeRight";
				IPHONEOS_DEPLOYMENT_TARGET = 15.4;
				LD_RUNPATH_SEARCH_PATHS = (
					"$(inherited)",
					"@executable_path/Frameworks",
				);
				MARKETING_VERSION = 1.0;
				PRODUCT_BUNDLE_IDENTIFIER = com.inowshoujo.potatosport;
				PRODUCT_NAME = "$(TARGET_NAME)";
				SWIFT_EMIT_LOC_STRINGS = YES;
				SWIFT_VERSION = 5.0;
				TARGETED_DEVICE_FAMILY = "1,2";
			};
			name = Release;
		};
/* End XCBuildConfiguration section */

/* Begin XCConfigurationList section */
		D99372262852E7E7000D2397 /* Build configuration list for PBXProject "potatosport" */ = {
			isa = XCConfigurationList;
			buildConfigurations = (
				D99372372852E7EB000D2397 /* Debug */,
				D99372382852E7EB000D2397 /* Release */,
			);
			defaultConfigurationIsVisible = 0;
			defaultConfigurationName = Release;
		};
		D99372392852E7EB000D2397 /* Build configuration list for PBXNativeTarget "potatosport" */ = {
			isa = XCConfigurationList;
			buildConfigurations = (
				D993723A2852E7EB000D2397 /* Debug */,
				D993723B2852E7EB000D2397 /* Release */,
			);
			defaultConfigurationIsVisible = 0;
			defaultConfigurationName = Release;
		};
/* End XCConfigurationList section */

/* Begin XCRemoteSwiftPackageReference section */
		D981C63B2862103400A34263 /* XCRemoteSwiftPackageReference "firebase-ios-sdk" */ = {
			isa = XCRemoteSwiftPackageReference;
			repositoryURL = "https://github.com/firebase/firebase-ios-sdk";
			requirement = {
				branch = master;
				kind = branch;
			};
		};
/* End XCRemoteSwiftPackageReference section */

/* Begin XCSwiftPackageProductDependency section */
		D981C63C2862103400A34263 /* FirebaseAnalytics */ = {
			isa = XCSwiftPackageProductDependency;
			package = D981C63B2862103400A34263 /* XCRemoteSwiftPackageReference "firebase-ios-sdk" */;
			productName = FirebaseAnalytics;
		};
		D981C63E2862103400A34263 /* FirebaseAnalyticsSwift */ = {
			isa = XCSwiftPackageProductDependency;
			package = D981C63B2862103400A34263 /* XCRemoteSwiftPackageReference "firebase-ios-sdk" */;
			productName = FirebaseAnalyticsSwift;
		};
		D981C6402862103400A34263 /* FirebaseAuth */ = {
			isa = XCSwiftPackageProductDependency;
			package = D981C63B2862103400A34263 /* XCRemoteSwiftPackageReference "firebase-ios-sdk" */;
			productName = FirebaseAuth;
		};
		D981C6422862103400A34263 /* FirebaseAuthCombine-Community */ = {
			isa = XCSwiftPackageProductDependency;
			package = D981C63B2862103400A34263 /* XCRemoteSwiftPackageReference "firebase-ios-sdk" */;
			productName = "FirebaseAuthCombine-Community";
		};
		D981C6442862103400A34263 /* FirebaseDatabase */ = {
			isa = XCSwiftPackageProductDependency;
			package = D981C63B2862103400A34263 /* XCRemoteSwiftPackageReference "firebase-ios-sdk" */;
			productName = FirebaseDatabase;
		};
		D981C6462862103400A34263 /* FirebaseDatabaseSwift */ = {
			isa = XCSwiftPackageProductDependency;
			package = D981C63B2862103400A34263 /* XCRemoteSwiftPackageReference "firebase-ios-sdk" */;
			productName = FirebaseDatabaseSwift;
		};
		D981C6482862103400A34263 /* FirebaseFirestore */ = {
			isa = XCSwiftPackageProductDependency;
			package = D981C63B2862103400A34263 /* XCRemoteSwiftPackageReference "firebase-ios-sdk" */;
			productName = FirebaseFirestore;
		};
		D981C64A2862103400A34263 /* FirebaseFirestoreSwift */ = {
			isa = XCSwiftPackageProductDependency;
			package = D981C63B2862103400A34263 /* XCRemoteSwiftPackageReference "firebase-ios-sdk" */;
			productName = FirebaseFirestoreSwift;
		};
		D981C64C2862103400A34263 /* FirebaseStorage */ = {
			isa = XCSwiftPackageProductDependency;
			package = D981C63B2862103400A34263 /* XCRemoteSwiftPackageReference "firebase-ios-sdk" */;
			productName = FirebaseStorage;
		};
		D981C64E2862103400A34263 /* FirebaseStorageCombine-Community */ = {
			isa = XCSwiftPackageProductDependency;
			package = D981C63B2862103400A34263 /* XCRemoteSwiftPackageReference "firebase-ios-sdk" */;
			productName = "FirebaseStorageCombine-Community";
		};
/* End XCSwiftPackageProductDependency section */
	};
	rootObject = D99372232852E7E7000D2397 /* Project object */;
}
